
Microsoft Visual Studio Solution File, Format Version 12.00
# Visual Studio Version 16
VisualStudioVersion = 16.0.33927.289
MinimumVisualStudioVersion = 10.0.40219.1
Project("{2150E333-8FDC-42A3-9474-1A3956D46DE8}") = "TaskReview", "TaskReview", "{317C6715-8BAA-4F32-9CE8-EF7FCC4A75DD}"
EndProject
Project("{FAE04EC0-301F-11D3-BF4B-00C04F79EFBC}") = "Tyuiu.GorbunovAA.Sprint4.TaskReview.V16", "Tyuiu.GorbunovAA.Sprint4.TaskReview.V16\Tyuiu.GorbunovAA.Sprint4.TaskReview.V16.csproj", "{C460F80B-5E6C-406A-8AD9-FE72A5B9CC10}"
EndProject
Project("{FAE04EC0-301F-11D3-BF4B-00C04F79EFBC}") = "Tyuiu.GorbunovAA.Sprint4.TaskReview.V16.Lib", "Tyuiu.GorbunovAA.Sprint4.TaskReview.V16.Lib\Tyuiu.GorbunovAA.Sprint4.TaskReview.V16.Lib.csproj", "{003B61DF-C36C-4930-BABC-2B631273656E}"
EndProject
Project("{FAE04EC0-301F-11D3-BF4B-00C04F79EFBC}") = "Tyuiu.GorbunovAA.Sprint4.TaskReview.V16.Test", "Tyuiu.GorbunovAA.Sprint4.TaskReview.V16.Test\Tyuiu.GorbunovAA.Sprint4.TaskReview.V16.Test.csproj", "{5B06ED1D-8BD6-445C-8D4D-9FFFAEB73C7F}"
EndProject
Global
	GlobalSection(SolutionConfigurationPlatforms) = preSolution
		Debug|Any CPU = Debug|Any CPU
		Release|Any CPU = Release|Any CPU
	EndGlobalSection
	GlobalSection(ProjectConfigurationPlatforms) = postSolution
		{C460F80B-5E6C-406A-8AD9-FE72A5B9CC10}.Debug|Any CPU.ActiveCfg = Debug|Any CPU
		{C460F80B-5E6C-406A-8AD9-FE72A5B9CC10}.Debug|Any CPU.Build.0 = Debug|Any CPU
		{C460F80B-5E6C-406A-8AD9-FE72A5B9CC10}.Release|Any CPU.ActiveCfg = Release|Any CPU
		{C460F80B-5E6C-406A-8AD9-FE72A5B9CC10}.Release|Any CPU.Build.0 = Release|Any CPU
		{003B61DF-C36C-4930-BABC-2B631273656E}.Debug|Any CPU.ActiveCfg = Debug|Any CPU
		{003B61DF-C36C-4930-BABC-2B631273656E}.Debug|Any CPU.Build.0 = Debug|Any CPU
		{003B61DF-C36C-4930-BABC-2B631273656E}.Release|Any CPU.ActiveCfg = Release|Any CPU
		{003B61DF-C36C-4930-BABC-2B631273656E}.Release|Any CPU.Build.0 = Release|Any CPU
		{5B06ED1D-8BD6-445C-8D4D-9FFFAEB73C7F}.Debug|Any CPU.ActiveCfg = Debug|Any CPU
		{5B06ED1D-8BD6-445C-8D4D-9FFFAEB73C7F}.Debug|Any CPU.Build.0 = Debug|Any CPU
		{5B06ED1D-8BD6-445C-8D4D-9FFFAEB73C7F}.Release|Any CPU.ActiveCfg = Release|Any CPU
		{5B06ED1D-8BD6-445C-8D4D-9FFFAEB73C7F}.Release|Any CPU.Build.0 = Release|Any CPU
	EndGlobalSection
	GlobalSection(SolutionProperties) = preSolution
		HideSolutionNode = FALSE
	EndGlobalSection
	GlobalSection(NestedProjects) = preSolution
		{C460F80B-5E6C-406A-8AD9-FE72A5B9CC10} = {317C6715-8BAA-4F32-9CE8-EF7FCC4A75DD}
		{003B61DF-C36C-4930-BABC-2B631273656E} = {317C6715-8BAA-4F32-9CE8-EF7FCC4A75DD}
		{5B06ED1D-8BD6-445C-8D4D-9FFFAEB73C7F} = {317C6715-8BAA-4F32-9CE8-EF7FCC4A75DD}
	EndGlobalSection
	GlobalSection(ExtensibilityGlobals) = postSolution
		SolutionGuid = {1147E3DE-8238-4426-9A99-900FF2381C7A}
	EndGlobalSection
EndGlobal
